// !$*UTF8*$!
{
	archiveVersion = 1;
	classes = {
	};
	objectVersion = 46;
	objects = {

/* Begin PBXBuildFile section */
		F8A02DA41EBA17CA007A320C /* AppDelegate.swift in Sources */ = {isa = PBXBuildFile; fileRef = F8A02DA31EBA17CA007A320C /* AppDelegate.swift */; };
		F8A02DA61EBA17CA007A320C /* ViewController.swift in Sources */ = {isa = PBXBuildFile; fileRef = F8A02DA51EBA17CA007A320C /* ViewController.swift */; };
		F8A02DA91EBA17CA007A320C /* Main.storyboard in Resources */ = {isa = PBXBuildFile; fileRef = F8A02DA71EBA17CA007A320C /* Main.storyboard */; };
		F8A02DAB1EBA17CA007A320C /* Assets.xcassets in Resources */ = {isa = PBXBuildFile; fileRef = F8A02DAA1EBA17CA007A320C /* Assets.xcassets */; };
		F8A02DAE1EBA17CA007A320C /* LaunchScreen.storyboard in Resources */ = {isa = PBXBuildFile; fileRef = F8A02DAC1EBA17CA007A320C /* LaunchScreen.storyboard */; };
		F8A02DB91EBA17CA007A320C /* PokedexTests.swift in Sources */ = {isa = PBXBuildFile; fileRef = F8A02DB81EBA17CA007A320C /* PokedexTests.swift */; };
		F8A02DC41EBA17CA007A320C /* PokedexUITests.swift in Sources */ = {isa = PBXBuildFile; fileRef = F8A02DC31EBA17CA007A320C /* PokedexUITests.swift */; };
		F8A02DD21EBA1E3F007A320C /* pokemon.csv in Resources */ = {isa = PBXBuildFile; fileRef = F8A02DD11EBA1E3F007A320C /* pokemon.csv */; };
/* End PBXBuildFile section */

/* Begin PBXContainerItemProxy section */
		F8A02DB51EBA17CA007A320C /* PBXContainerItemProxy */ = {
			isa = PBXContainerItemProxy;
			containerPortal = F8A02D981EBA17C9007A320C /* Project object */;
			proxyType = 1;
			remoteGlobalIDString = F8A02D9F1EBA17CA007A320C;
			remoteInfo = Pokedex;
		};
		F8A02DC01EBA17CA007A320C /* PBXContainerItemProxy */ = {
			isa = PBXContainerItemProxy;
			containerPortal = F8A02D981EBA17C9007A320C /* Project object */;
			proxyType = 1;
			remoteGlobalIDString = F8A02D9F1EBA17CA007A320C;
			remoteInfo = Pokedex;
		};
/* End PBXContainerItemProxy section */

/* Begin PBXFileReference section */
		F8A02DA01EBA17CA007A320C /* Pokedex.app */ = {isa = PBXFileReference; explicitFileType = wrapper.application; includeInIndex = 0; path = Pokedex.app; sourceTree = BUILT_PRODUCTS_DIR; };
		F8A02DA31EBA17CA007A320C /* AppDelegate.swift */ = {isa = PBXFileReference; lastKnownFileType = sourcecode.swift; path = AppDelegate.swift; sourceTree = "<group>"; };
		F8A02DA51EBA17CA007A320C /* ViewController.swift */ = {isa = PBXFileReference; lastKnownFileType = sourcecode.swift; path = ViewController.swift; sourceTree = "<group>"; };
		F8A02DA81EBA17CA007A320C /* Base */ = {isa = PBXFileReference; lastKnownFileType = file.storyboard; name = Base; path = Base.lproj/Main.storyboard; sourceTree = "<group>"; };
		F8A02DAA1EBA17CA007A320C /* Assets.xcassets */ = {isa = PBXFileReference; lastKnownFileType = folder.assetcatalog; path = Assets.xcassets; sourceTree = "<group>"; };
		F8A02DAD1EBA17CA007A320C /* Base */ = {isa = PBXFileReference; lastKnownFileType = file.storyboard; name = Base; path = Base.lproj/LaunchScreen.storyboard; sourceTree = "<group>"; };
		F8A02DAF1EBA17CA007A320C /* Info.plist */ = {isa = PBXFileReference; lastKnownFileType = text.plist.xml; path = Info.plist; sourceTree = "<group>"; };
		F8A02DB41EBA17CA007A320C /* PokedexTests.xctest */ = {isa = PBXFileReference; explicitFileType = wrapper.cfbundle; includeInIndex = 0; path = PokedexTests.xctest; sourceTree = BUILT_PRODUCTS_DIR; };
		F8A02DB81EBA17CA007A320C /* PokedexTests.swift */ = {isa = PBXFileReference; lastKnownFileType = sourcecode.swift; path = PokedexTests.swift; sourceTree = "<group>"; };
		F8A02DBA1EBA17CA007A320C /* Info.plist */ = {isa = PBXFileReference; lastKnownFileType = text.plist.xml; path = Info.plist; sourceTree = "<group>"; };
		F8A02DBF1EBA17CA007A320C /* PokedexUITests.xctest */ = {isa = PBXFileReference; explicitFileType = wrapper.cfbundle; includeInIndex = 0; path = PokedexUITests.xctest; sourceTree = BUILT_PRODUCTS_DIR; };
		F8A02DC31EBA17CA007A320C /* PokedexUITests.swift */ = {isa = PBXFileReference; lastKnownFileType = sourcecode.swift; path = PokedexUITests.swift; sourceTree = "<group>"; };
		F8A02DC51EBA17CA007A320C /* Info.plist */ = {isa = PBXFileReference; lastKnownFileType = text.plist.xml; path = Info.plist; sourceTree = "<group>"; };
		F8A02DD11EBA1E3F007A320C /* pokemon.csv */ = {isa = PBXFileReference; fileEncoding = 4; lastKnownFileType = text; path = pokemon.csv; sourceTree = "<group>"; };
/* End PBXFileReference section */

/* Begin PBXFrameworksBuildPhase section */
		F8A02D9D1EBA17CA007A320C /* Frameworks */ = {
			isa = PBXFrameworksBuildPhase;
			buildActionMask = 2147483647;
			files = (
			);
			runOnlyForDeploymentPostprocessing = 0;
		};
		F8A02DB11EBA17CA007A320C /* Frameworks */ = {
			isa = PBXFrameworksBuildPhase;
			buildActionMask = 2147483647;
			files = (
			);
			runOnlyForDeploymentPostprocessing = 0;
		};
		F8A02DBC1EBA17CA007A320C /* Frameworks */ = {
			isa = PBXFrameworksBuildPhase;
			buildActionMask = 2147483647;
			files = (
			);
			runOnlyForDeploymentPostprocessing = 0;
		};
/* End PBXFrameworksBuildPhase section */

/* Begin PBXGroup section */
		F8A02D971EBA17C9007A320C = {
			isa = PBXGroup;
			children = (
				F8A02DA21EBA17CA007A320C /* Pokedex */,
				F8A02DB71EBA17CA007A320C /* PokedexTests */,
				F8A02DC21EBA17CA007A320C /* PokedexUITests */,
				F8A02DA11EBA17CA007A320C /* Products */,
			);
			sourceTree = "<group>";
		};
		F8A02DA11EBA17CA007A320C /* Products */ = {
			isa = PBXGroup;
			children = (
				F8A02DA01EBA17CA007A320C /* Pokedex.app */,
				F8A02DB41EBA17CA007A320C /* PokedexTests.xctest */,
				F8A02DBF1EBA17CA007A320C /* PokedexUITests.xctest */,
			);
			name = Products;
			sourceTree = "<group>";
		};
		F8A02DA21EBA17CA007A320C /* Pokedex */ = {
			isa = PBXGroup;
			children = (
				F8A02DA31EBA17CA007A320C /* AppDelegate.swift */,
				F8A02DA51EBA17CA007A320C /* ViewController.swift */,
				F8A02DA71EBA17CA007A320C /* Main.storyboard */,
				F8A02DAA1EBA17CA007A320C /* Assets.xcassets */,
				F8A02DD11EBA1E3F007A320C /* pokemon.csv */,
				F8A02DAC1EBA17CA007A320C /* LaunchScreen.storyboard */,
				F8A02DAF1EBA17CA007A320C /* Info.plist */,
			);
			path = Pokedex;
			sourceTree = "<group>";
		};
		F8A02DB71EBA17CA007A320C /* PokedexTests */ = {
			isa = PBXGroup;
			children = (
				F8A02DB81EBA17CA007A320C /* PokedexTests.swift */,
				F8A02DBA1EBA17CA007A320C /* Info.plist */,
			);
			path = PokedexTests;
			sourceTree = "<group>";
		};
		F8A02DC21EBA17CA007A320C /* PokedexUITests */ = {
			isa = PBXGroup;
			children = (
				F8A02DC31EBA17CA007A320C /* PokedexUITests.swift */,
				F8A02DC51EBA17CA007A320C /* Info.plist */,
			);
			path = PokedexUITests;
			sourceTree = "<group>";
		};
/* End PBXGroup section */

/* Begin PBXNativeTarget section */
		F8A02D9F1EBA17CA007A320C /* Pokedex */ = {
			isa = PBXNativeTarget;
			buildConfigurationList = F8A02DC81EBA17CA007A320C /* Build configuration list for PBXNativeTarget "Pokedex" */;
			buildPhases = (
				F8A02D9C1EBA17CA007A320C /* Sources */,
				F8A02D9D1EBA17CA007A320C /* Frameworks */,
				F8A02D9E1EBA17CA007A320C /* Resources */,
			);
			buildRules = (
			);
			dependencies = (
			);
			name = Pokedex;
			productName = Pokedex;
			productReference = F8A02DA01EBA17CA007A320C /* Pokedex.app */;
			productType = "com.apple.product-type.application";
		};
		F8A02DB31EBA17CA007A320C /* PokedexTests */ = {
			isa = PBXNativeTarget;
			buildConfigurationList = F8A02DCB1EBA17CA007A320C /* Build configuration list for PBXNativeTarget "PokedexTests" */;
			buildPhases = (
				F8A02DB01EBA17CA007A320C /* Sources */,
				F8A02DB11EBA17CA007A320C /* Frameworks */,
				F8A02DB21EBA17CA007A320C /* Resources */,
			);
			buildRules = (
			);
			dependencies = (
				F8A02DB61EBA17CA007A320C /* PBXTargetDependency */,
			);
			name = PokedexTests;
			productName = PokedexTests;
			productReference = F8A02DB41EBA17CA007A320C /* PokedexTests.xctest */;
			productType = "com.apple.product-type.bundle.unit-test";
		};
		F8A02DBE1EBA17CA007A320C /* PokedexUITests */ = {
			isa = PBXNativeTarget;
			buildConfigurationList = F8A02DCE1EBA17CA007A320C /* Build configuration list for PBXNativeTarget "PokedexUITests" */;
			buildPhases = (
				F8A02DBB1EBA17CA007A320C /* Sources */,
				F8A02DBC1EBA17CA007A320C /* Frameworks */,
				F8A02DBD1EBA17CA007A320C /* Resources */,
			);
			buildRules = (
			);
			dependencies = (
				F8A02DC11EBA17CA007A320C /* PBXTargetDependency */,
			);
			name = PokedexUITests;
			productName = PokedexUITests;
			productReference = F8A02DBF1EBA17CA007A320C /* PokedexUITests.xctest */;
			productType = "com.apple.product-type.bundle.ui-testing";
		};
/* End PBXNativeTarget section */

/* Begin PBXProject section */
		F8A02D981EBA17C9007A320C /* Project object */ = {
			isa = PBXProject;
			attributes = {
				LastSwiftUpdateCheck = 0820;
				LastUpgradeCheck = 0820;
				ORGANIZATIONNAME = Synetech;
				TargetAttributes = {
					F8A02D9F1EBA17CA007A320C = {
						CreatedOnToolsVersion = 8.2.1;
						DevelopmentTeam = 6CZKLN54PG;
						ProvisioningStyle = Automatic;
					};
					F8A02DB31EBA17CA007A320C = {
						CreatedOnToolsVersion = 8.2.1;
						DevelopmentTeam = 6CZKLN54PG;
						ProvisioningStyle = Automatic;
						TestTargetID = F8A02D9F1EBA17CA007A320C;
					};
					F8A02DBE1EBA17CA007A320C = {
						CreatedOnToolsVersion = 8.2.1;
						DevelopmentTeam = 6CZKLN54PG;
						ProvisioningStyle = Automatic;
						TestTargetID = F8A02D9F1EBA17CA007A320C;
					};
				};
			};
			buildConfigurationList = F8A02D9B1EBA17C9007A320C /* Build configuration list for PBXProject "Pokedex" */;
			compatibilityVersion = "Xcode 3.2";
			developmentRegion = English;
			hasScannedForEncodings = 0;
			knownRegions = (
				en,
				Base,
			);
			mainGroup = F8A02D971EBA17C9007A320C;
			productRefGroup = F8A02DA11EBA17CA007A320C /* Products */;
			projectDirPath = "";
			projectRoot = "";
			targets = (
				F8A02D9F1EBA17CA007A320C /* Pokedex */,
				F8A02DB31EBA17CA007A320C /* PokedexTests */,
				F8A02DBE1EBA17CA007A320C /* PokedexUITests */,
			);
		};
/* End PBXProject section */

/* Begin PBXResourcesBuildPhase section */
		F8A02D9E1EBA17CA007A320C /* Resources */ = {
			isa = PBXResourcesBuildPhase;
			buildActionMask = 2147483647;
			files = (
				F8A02DAE1EBA17CA007A320C /* LaunchScreen.storyboard in Resources */,
				F8A02DAB1EBA17CA007A320C /* Assets.xcassets in Resources */,
				F8A02DD21EBA1E3F007A320C /* pokemon.csv in Resources */,
				F8A02DA91EBA17CA007A320C /* Main.storyboard in Resources */,
			);
			runOnlyForDeploymentPostprocessing = 0;
		};
		F8A02DB21EBA17CA007A320C /* Resources */ = {
			isa = PBXResourcesBuildPhase;
			buildActionMask = 2147483647;
			files = (
			);
			runOnlyForDeploymentPostprocessing = 0;
		};
		F8A02DBD1EBA17CA007A320C /* Resources */ = {
			isa = PBXResourcesBuildPhase;
			buildActionMask = 2147483647;
			files = (
			);
			runOnlyForDeploymentPostprocessing = 0;
		};
/* End PBXResourcesBuildPhase section */

/* Begin PBXSourcesBuildPhase section */
		F8A02D9C1EBA17CA007A320C /* Sources */ = {
			isa = PBXSourcesBuildPhase;
			buildActionMask = 2147483647;
			files = (
				F8A02DA61EBA17CA007A320C /* ViewController.swift in Sources */,
				F8A02DA41EBA17CA007A320C /* AppDelegate.swift in Sources */,
			);
			runOnlyForDeploymentPostprocessing = 0;
		};
		F8A02DB01EBA17CA007A320C /* Sources */ = {
			isa = PBXSourcesBuildPhase;
			buildActionMask = 2147483647;
			files = (
				F8A02DB91EBA17CA007A320C /* PokedexTests.swift in Sources */,
			);
			runOnlyForDeploymentPostprocessing = 0;
		};
		F8A02DBB1EBA17CA007A320C /* Sources */ = {
			isa = PBXSourcesBuildPhase;
			buildActionMask = 2147483647;
			files = (
				F8A02DC41EBA17CA007A320C /* PokedexUITests.swift in Sources */,
			);
			runOnlyForDeploymentPostprocessing = 0;
		};
/* End PBXSourcesBuildPhase section */

/* Begin PBXTargetDependency section */
		F8A02DB61EBA17CA007A320C /* PBXTargetDependency */ = {
			isa = PBXTargetDependency;
			target = F8A02D9F1EBA17CA007A320C /* Pokedex */;
			targetProxy = F8A02DB51EBA17CA007A320C /* PBXContainerItemProxy */;
		};
		F8A02DC11EBA17CA007A320C /* PBXTargetDependency */ = {
			isa = PBXTargetDependency;
			target = F8A02D9F1EBA17CA007A320C /* Pokedex */;
			targetProxy = F8A02DC01EBA17CA007A320C /* PBXContainerItemProxy */;
		};
/* End PBXTargetDependency section */

/* Begin PBXVariantGroup section */
		F8A02DA71EBA17CA007A320C /* Main.storyboard */ = {
			isa = PBXVariantGroup;
			children = (
				F8A02DA81EBA17CA007A320C /* Base */,
			);
			name = Main.storyboard;
			sourceTree = "<group>";
		};
		F8A02DAC1EBA17CA007A320C /* LaunchScreen.storyboard */ = {
			isa = PBXVariantGroup;
			children = (
				F8A02DAD1EBA17CA007A320C /* Base */,
			);
			name = LaunchScreen.storyboard;
			sourceTree = "<group>";
		};
/* End PBXVariantGroup section */

/* Begin XCBuildConfiguration section */
		F8A02DC61EBA17CA007A320C /* Debug */ = {
			isa = XCBuildConfiguration;
			buildSettings = {
				ALWAYS_SEARCH_USER_PATHS = NO;
				CLANG_ANALYZER_NONNULL = YES;
				CLANG_CXX_LANGUAGE_STANDARD = "gnu++0x";
				CLANG_CXX_LIBRARY = "libc++";
				CLANG_ENABLE_MODULES = YES;
				CLANG_ENABLE_OBJC_ARC = YES;
				CLANG_WARN_BOOL_CONVERSION = YES;
				CLANG_WARN_CONSTANT_CONVERSION = YES;
				CLANG_WARN_DIRECT_OBJC_ISA_USAGE = YES_ERROR;
				CLANG_WARN_DOCUMENTATION_COMMENTS = YES;
				CLANG_WARN_EMPTY_BODY = YES;
				CLANG_WARN_ENUM_CONVERSION = YES;
				CLANG_WARN_INFINITE_RECURSION = YES;
				CLANG_WARN_INT_CONVERSION = YES;
				CLANG_WARN_OBJC_ROOT_CLASS = YES_ERROR;
				CLANG_WARN_SUSPICIOUS_MOVE = YES;
				CLANG_WARN_UNREACHABLE_CODE = YES;
				CLANG_WARN__DUPLICATE_METHOD_MATCH = YES;
				"CODE_SIGN_IDENTITY[sdk=iphoneos*]" = "iPhone Developer";
				COPY_PHASE_STRIP = NO;
				DEBUG_INFORMATION_FORMAT = dwarf;
				ENABLE_STRICT_OBJC_MSGSEND = YES;
				ENABLE_TESTABILITY = YES;
				GCC_C_LANGUAGE_STANDARD = gnu99;
				GCC_DYNAMIC_NO_PIC = NO;
				GCC_NO_COMMON_BLOCKS = YES;
				GCC_OPTIMIZATION_LEVEL = 0;
				GCC_PREPROCESSOR_DEFINITIONS = (
					"DEBUG=1",
					"$(inherited)",
				);
				GCC_WARN_64_TO_32_BIT_CONVERSION = YES;
				GCC_WARN_ABOUT_RETURN_TYPE = YES_ERROR;
				GCC_WARN_UNDECLARED_SELECTOR = YES;
				GCC_WARN_UNINITIALIZED_AUTOS = YES_AGGRESSIVE;
				GCC_WARN_UNUSED_FUNCTION = YES;
				GCC_WARN_UNUSED_VARIABLE = YES;
				IPHONEOS_DEPLOYMENT_TARGET = 10.2;
				MTL_ENABLE_DEBUG_INFO = YES;
				ONLY_ACTIVE_ARCH = YES;
				SDKROOT = iphoneos;
				SWIFT_ACTIVE_COMPILATION_CONDITIONS = DEBUG;
				SWIFT_OPTIMIZATION_LEVEL = "-Onone";
				TARGETED_DEVICE_FAMILY = "1,2";
			};
			name = Debug;
		};
		F8A02DC71EBA17CA007A320C /* Release */ = {
			isa = XCBuildConfiguration;
			buildSettings = {
				ALWAYS_SEARCH_USER_PATHS = NO;
				CLANG_ANALYZER_NONNULL = YES;
				CLANG_CXX_LANGUAGE_STANDARD = "gnu++0x";
				CLANG_CXX_LIBRARY = "libc++";
				CLANG_ENABLE_MODULES = YES;
				CLANG_ENABLE_OBJC_ARC = YES;
				CLANG_WARN_BOOL_CONVERSION = YES;
				CLANG_WARN_CONSTANT_CONVERSION = YES;
				CLANG_WARN_DIRECT_OBJC_ISA_USAGE = YES_ERROR;
				CLANG_WARN_DOCUMENTATION_COMMENTS = YES;
				CLANG_WARN_EMPTY_BODY = YES;
				CLANG_WARN_ENUM_CONVERSION = YES;
				CLANG_WARN_INFINITE_RECURSION = YES;
				CLANG_WARN_INT_CONVERSION = YES;
				CLANG_WARN_OBJC_ROOT_CLASS = YES_ERROR;
				CLANG_WARN_SUSPICIOUS_MOVE = YES;
				CLANG_WARN_UNREACHABLE_CODE = YES;
				CLANG_WARN__DUPLICATE_METHOD_MATCH = YES;
				"CODE_SIGN_IDENTITY[sdk=iphoneos*]" = "iPhone Developer";
				COPY_PHASE_STRIP = NO;
				DEBUG_INFORMATION_FORMAT = "dwarf-with-dsym";
				ENABLE_NS_ASSERTIONS = NO;
				ENABLE_STRICT_OBJC_MSGSEND = YES;
				GCC_C_LANGUAGE_STANDARD = gnu99;
				GCC_NO_COMMON_BLOCKS = YES;
				GCC_WARN_64_TO_32_BIT_CONVERSION = YES;
				GCC_WARN_ABOUT_RETURN_TYPE = YES_ERROR;
				GCC_WARN_UNDECLARED_SELECTOR = YES;
				GCC_WARN_UNINITIALIZED_AUTOS = YES_AGGRESSIVE;
				GCC_WARN_UNUSED_FUNCTION = YES;
				GCC_WARN_UNUSED_VARIABLE = YES;
				IPHONEOS_DEPLOYMENT_TARGET = 10.2;
				MTL_ENABLE_DEBUG_INFO = NO;
				SDKROOT = iphoneos;
				SWIFT_OPTIMIZATION_LEVEL = "-Owholemodule";
				TARGETED_DEVICE_FAMILY = "1,2";
				VALIDATE_PRODUCT = YES;
			};
			name = Release;
		};
		F8A02DC91EBA17CA007A320C /* Debug */ = {
			isa = XCBuildConfiguration;
			buildSettings = {
				ASSETCATALOG_COMPILER_APPICON_NAME = AppIcon;
				DEVELOPMENT_TEAM = 6CZKLN54PG;
				INFOPLIST_FILE = Pokedex/Info.plist;
				LD_RUNPATH_SEARCH_PATHS = "$(inherited) @executable_path/Frameworks";
				PRODUCT_BUNDLE_IDENTIFIER = syn.Pokedex;
				PRODUCT_NAME = "$(TARGET_NAME)";
				SWIFT_VERSION = 3.0;
			};
			name = Debug;
		};
		F8A02DCA1EBA17CA007A320C /* Release */ = {
			isa = XCBuildConfiguration;
			buildSettings = {
				ASSETCATALOG_COMPILER_APPICON_NAME = AppIcon;
				DEVELOPMENT_TEAM = 6CZKLN54PG;
				INFOPLIST_FILE = Pokedex/Info.plist;
				LD_RUNPATH_SEARCH_PATHS = "$(inherited) @executable_path/Frameworks";
				PRODUCT_BUNDLE_IDENTIFIER = syn.Pokedex;
				PRODUCT_NAME = "$(TARGET_NAME)";
				SWIFT_VERSION = 3.0;
			};
			name = Release;
		};
		F8A02DCC1EBA17CA007A320C /* Debug */ = {
			isa = XCBuildConfiguration;
			buildSettings = {
				ALWAYS_EMBED_SWIFT_STANDARD_LIBRARIES = YES;
				BUNDLE_LOADER = "$(TEST_HOST)";
				DEVELOPMENT_TEAM = 6CZKLN54PG;
				INFOPLIST_FILE = PokedexTests/Info.plist;
				LD_RUNPATH_SEARCH_PATHS = "$(inherited) @executable_path/Frameworks @loader_path/Frameworks";
				PRODUCT_BUNDLE_IDENTIFIER = syn.PokedexTests;
				PRODUCT_NAME = "$(TARGET_NAME)";
				SWIFT_VERSION = 3.0;
				TEST_HOST = "$(BUILT_PRODUCTS_DIR)/Pokedex.app/Pokedex";
			};
			name = Debug;
		};
		F8A02DCD1EBA17CA007A320C /* Release */ = {
			isa = XCBuildConfiguration;
			buildSettings = {
				ALWAYS_EMBED_SWIFT_STANDARD_LIBRARIES = YES;
				BUNDLE_LOADER = "$(TEST_HOST)";
				DEVELOPMENT_TEAM = 6CZKLN54PG;
				INFOPLIST_FILE = PokedexTests/Info.plist;
				LD_RUNPATH_SEARCH_PATHS = "$(inherited) @executable_path/Frameworks @loader_path/Frameworks";
				PRODUCT_BUNDLE_IDENTIFIER = syn.PokedexTests;
				PRODUCT_NAME = "$(TARGET_NAME)";
				SWIFT_VERSION = 3.0;
				TEST_HOST = "$(BUILT_PRODUCTS_DIR)/Pokedex.app/Pokedex";
			};
			name = Release;
		};
		F8A02DCF1EBA17CA007A320C /* Debug */ = {
			isa = XCBuildConfiguration;
			buildSettings = {
				ALWAYS_EMBED_SWIFT_STANDARD_LIBRARIES = YES;
				DEVELOPMENT_TEAM = 6CZKLN54PG;
				INFOPLIST_FILE = PokedexUITests/Info.plist;
				LD_RUNPATH_SEARCH_PATHS = "$(inherited) @executable_path/Frameworks @loader_path/Frameworks";
				PRODUCT_BUNDLE_IDENTIFIER = syn.PokedexUITests;
				PRODUCT_NAME = "$(TARGET_NAME)";
				SWIFT_VERSION = 3.0;
				TEST_TARGET_NAME = Pokedex;
			};
			name = Debug;
		};
		F8A02DD01EBA17CA007A320C /* Release */ = {
			isa = XCBuildConfiguration;
			buildSettings = {
				ALWAYS_EMBED_SWIFT_STANDARD_LIBRARIES = YES;
				DEVELOPMENT_TEAM = 6CZKLN54PG;
				INFOPLIST_FILE = PokedexUITests/Info.plist;
				LD_RUNPATH_SEARCH_PATHS = "$(inherited) @executable_path/Frameworks @loader_path/Frameworks";
				PRODUCT_BUNDLE_IDENTIFIER = syn.PokedexUITests;
				PRODUCT_NAME = "$(TARGET_NAME)";
				SWIFT_VERSION = 3.0;
				TEST_TARGET_NAME = Pokedex;
			};
			name = Release;
		};
/* End XCBuildConfiguration section */

/* Begin XCConfigurationList section */
		F8A02D9B1EBA17C9007A320C /* Build configuration list for PBXProject "Pokedex" */ = {
			isa = XCConfigurationList;
			buildConfigurations = (
				F8A02DC61EBA17CA007A320C /* Debug */,
				F8A02DC71EBA17CA007A320C /* Release */,
			);
			defaultConfigurationIsVisible = 0;
			defaultConfigurationName = Release;
		};
		F8A02DC81EBA17CA007A320C /* Build configuration list for PBXNativeTarget "Pokedex" */ = {
			isa = XCConfigurationList;
			buildConfigurations = (
				F8A02DC91EBA17CA007A320C /* Debug */,
				F8A02DCA1EBA17CA007A320C /* Release */,
			);
			defaultConfigurationIsVisible = 0;
		};
		F8A02DCB1EBA17CA007A320C /* Build configuration list for PBXNativeTarget "PokedexTests" */ = {
			isa = XCConfigurationList;
			buildConfigurations = (
				F8A02DCC1EBA17CA007A320C /* Debug */,
				F8A02DCD1EBA17CA007A320C /* Release */,
			);
			defaultConfigurationIsVisible = 0;
		};
		F8A02DCE1EBA17CA007A320C /* Build configuration list for PBXNativeTarget "PokedexUITests" */ = {
			isa = XCConfigurationList;
			buildConfigurations = (
				F8A02DCF1EBA17CA007A320C /* Debug */,
				F8A02DD01EBA17CA007A320C /* Release */,
			);
			defaultConfigurationIsVisible = 0;
		};
/* End XCConfigurationList section */
	};
	rootObject = F8A02D981EBA17C9007A320C /* Project object */;
}
